{
  "requires": true,
  "lockfileVersion": 1,
  "dependencies": {
    "imdb-scraper-js": {
      "version": "1.0.1",
      "resolved": "https://registry.npmjs.org/imdb-scraper-js/-/imdb-scraper-js-1.0.1.tgz",
      "integrity": "sha512-C35K4nRDggvsLs9txCD7InpazcIEPtJPUeRN5RLQhLV4jPZbW7cw1kSIxIQ5YZSATLGgC4x7DGmt7v7DWe0V2g=="
    }
  }
}
